
Microsoft Visual Studio Solution File, Format Version 12.00
# Visual Studio Version 16
VisualStudioVersion = 16.0.32002.261
MinimumVisualStudioVersion = 10.0.40219.1
Project("{FAE04EC0-301F-11D3-BF4B-00C04F79EFBC}") = "studentmanagementsystem", "studentmanagementsystem.csproj", "{11572F02-B788-43E4-99B2-3A708BE435F4}"
EndProject
Global
	GlobalSection(SolutionConfigurationPlatforms) = preSolution
		Debug|Any CPU = Debug|Any CPU
		Release|Any CPU = Release|Any CPU
	EndGlobalSection
	GlobalSection(ProjectConfigurationPlatforms) = postSolution
		{11572F02-B788-43E4-99B2-3A708BE435F4}.Debug|Any CPU.ActiveCfg = Debug|Any CPU
		{11572F02-B788-43E4-99B2-3A708BE435F4}.Debug|Any CPU.Build.0 = Debug|Any CPU
		{11572F02-B788-43E4-99B2-3A708BE435F4}.Release|Any CPU.ActiveCfg = Release|Any CPU
		{11572F02-B788-43E4-99B2-3A708BE435F4}.Release|Any CPU.Build.0 = Release|Any CPU
	EndGlobalSection
	GlobalSection(SolutionProperties) = preSolution
		HideSolutionNode = FALSE
	EndGlobalSection
	GlobalSection(ExtensibilityGlobals) = postSolution
		SolutionGuid = {FC222E8D-5E99-410D-ADA4-4B549291E9CE}
	EndGlobalSection
EndGlobal
